
Microsoft Visual Studio Solution File, Format Version 12.00
Project("{FAE04EC0-301F-11D3-BF4B-00C04F79EFBC}") = "OnlineBookShop", "OnlineBookShop\OnlineBookShop.csproj", "{7CE596BE-EAAA-48E7-8CC2-F88B100B394E}"
EndProject
Global
	GlobalSection(SolutionConfigurationPlatforms) = preSolution
		Debug|Any CPU = Debug|Any CPU
		Release|Any CPU = Release|Any CPU
	EndGlobalSection
	GlobalSection(ProjectConfigurationPlatforms) = postSolution
		{7CE596BE-EAAA-48E7-8CC2-F88B100B394E}.Debug|Any CPU.ActiveCfg = Debug|Any CPU
		{7CE596BE-EAAA-48E7-8CC2-F88B100B394E}.Debug|Any CPU.Build.0 = Debug|Any CPU
		{7CE596BE-EAAA-48E7-8CC2-F88B100B394E}.Release|Any CPU.ActiveCfg = Release|Any CPU
		{7CE596BE-EAAA-48E7-8CC2-F88B100B394E}.Release|Any CPU.Build.0 = Release|Any CPU
	EndGlobalSection
EndGlobal
